
Microsoft Visual Studio Solution File, Format Version 12.00
# Visual Studio Version 16
VisualStudioVersion = 16.0.31402.337
MinimumVisualStudioVersion = 10.0.40219.1
Project("{9A19103F-16F7-4668-BE54-9A1E7A4F7556}") = "ödev", "İnnertypeModelleme\ödev.csproj", "{47723721-FD7B-45C9-A3A4-8041903BB7DB}"
EndProject
Global
	GlobalSection(SolutionConfigurationPlatforms) = preSolution
		Debug|Any CPU = Debug|Any CPU
		Release|Any CPU = Release|Any CPU
	EndGlobalSection
	GlobalSection(ProjectConfigurationPlatforms) = postSolution
		{47723721-FD7B-45C9-A3A4-8041903BB7DB}.Debug|Any CPU.ActiveCfg = Debug|Any CPU
		{47723721-FD7B-45C9-A3A4-8041903BB7DB}.Debug|Any CPU.Build.0 = Debug|Any CPU
		{47723721-FD7B-45C9-A3A4-8041903BB7DB}.Release|Any CPU.ActiveCfg = Release|Any CPU
		{47723721-FD7B-45C9-A3A4-8041903BB7DB}.Release|Any CPU.Build.0 = Release|Any CPU
	EndGlobalSection
	GlobalSection(SolutionProperties) = preSolution
		HideSolutionNode = FALSE
	EndGlobalSection
	GlobalSection(ExtensibilityGlobals) = postSolution
		SolutionGuid = {1FBC2303-B953-4B12-B643-054BA49C6C27}
	EndGlobalSection
EndGlobal
